
Microsoft Visual Studio Solution File, Format Version 12.00
# Visual Studio Version 16
VisualStudioVersion = 16.0.31229.75
MinimumVisualStudioVersion = 10.0.40219.1
Project("{9A19103F-16F7-4668-BE54-9A1E7A4F7556}") = "WpfApp3", "WpfApp3\WpfApp3.csproj", "{80BE0B0E-EF55-43E7-97C3-AA1D41FFF9A3}"
EndProject
Project("{9A19103F-16F7-4668-BE54-9A1E7A4F7556}") = "DiagramDesigner", "..\DiagramDesigner\DiagramDesigner.csproj", "{2BCF46C6-3C1E-4301-80D8-CD695B778BFA}"
EndProject
Project("{9A19103F-16F7-4668-BE54-9A1E7A4F7556}") = "NodeLib", "..\..\NodeLib\NodeLib.csproj", "{50CFDB8A-C9A0-49F4-84D7-789080997136}"
EndProject
Project("{9A19103F-16F7-4668-BE54-9A1E7A4F7556}") = "Core", "..\..\Core\Core\Core.csproj", "{6712BCD4-0752-4189-9D33-395E093EC722}"
EndProject
Project("{9A19103F-16F7-4668-BE54-9A1E7A4F7556}") = "Win.Lib", "..\..\Core\Win.Lib\Win.Lib.csproj", "{A8AA7D55-3787-4571-A63A-34E11FCE46E9}"
EndProject
Global
	GlobalSection(SolutionConfigurationPlatforms) = preSolution
		Debug|Any CPU = Debug|Any CPU
		Debug|x64 = Debug|x64
		Release|Any CPU = Release|Any CPU
		Release|x64 = Release|x64
	EndGlobalSection
	GlobalSection(ProjectConfigurationPlatforms) = postSolution
		{80BE0B0E-EF55-43E7-97C3-AA1D41FFF9A3}.Debug|Any CPU.ActiveCfg = Debug|Any CPU
		{80BE0B0E-EF55-43E7-97C3-AA1D41FFF9A3}.Debug|Any CPU.Build.0 = Debug|Any CPU
		{80BE0B0E-EF55-43E7-97C3-AA1D41FFF9A3}.Debug|x64.ActiveCfg = Debug|Any CPU
		{80BE0B0E-EF55-43E7-97C3-AA1D41FFF9A3}.Debug|x64.Build.0 = Debug|Any CPU
		{80BE0B0E-EF55-43E7-97C3-AA1D41FFF9A3}.Release|Any CPU.ActiveCfg = Release|Any CPU
		{80BE0B0E-EF55-43E7-97C3-AA1D41FFF9A3}.Release|Any CPU.Build.0 = Release|Any CPU
		{80BE0B0E-EF55-43E7-97C3-AA1D41FFF9A3}.Release|x64.ActiveCfg = Release|Any CPU
		{80BE0B0E-EF55-43E7-97C3-AA1D41FFF9A3}.Release|x64.Build.0 = Release|Any CPU
		{2BCF46C6-3C1E-4301-80D8-CD695B778BFA}.Debug|Any CPU.ActiveCfg = Debug|Any CPU
		{2BCF46C6-3C1E-4301-80D8-CD695B778BFA}.Debug|Any CPU.Build.0 = Debug|Any CPU
		{2BCF46C6-3C1E-4301-80D8-CD695B778BFA}.Debug|x64.ActiveCfg = Debug|x64
		{2BCF46C6-3C1E-4301-80D8-CD695B778BFA}.Debug|x64.Build.0 = Debug|x64
		{2BCF46C6-3C1E-4301-80D8-CD695B778BFA}.Release|Any CPU.ActiveCfg = Release|Any CPU
		{2BCF46C6-3C1E-4301-80D8-CD695B778BFA}.Release|Any CPU.Build.0 = Release|Any CPU
		{2BCF46C6-3C1E-4301-80D8-CD695B778BFA}.Release|x64.ActiveCfg = Release|x64
		{2BCF46C6-3C1E-4301-80D8-CD695B778BFA}.Release|x64.Build.0 = Release|x64
		{50CFDB8A-C9A0-49F4-84D7-789080997136}.Debug|Any CPU.ActiveCfg = Debug|Any CPU
		{50CFDB8A-C9A0-49F4-84D7-789080997136}.Debug|Any CPU.Build.0 = Debug|Any CPU
		{50CFDB8A-C9A0-49F4-84D7-789080997136}.Debug|x64.ActiveCfg = Debug|x64
		{50CFDB8A-C9A0-49F4-84D7-789080997136}.Debug|x64.Build.0 = Debug|x64
		{50CFDB8A-C9A0-49F4-84D7-789080997136}.Release|Any CPU.ActiveCfg = Release|Any CPU
		{50CFDB8A-C9A0-49F4-84D7-789080997136}.Release|Any CPU.Build.0 = Release|Any CPU
		{50CFDB8A-C9A0-49F4-84D7-789080997136}.Release|x64.ActiveCfg = Release|x64
		{50CFDB8A-C9A0-49F4-84D7-789080997136}.Release|x64.Build.0 = Release|x64
		{6712BCD4-0752-4189-9D33-395E093EC722}.Debug|Any CPU.ActiveCfg = Debug|Any CPU
		{6712BCD4-0752-4189-9D33-395E093EC722}.Debug|Any CPU.Build.0 = Debug|Any CPU
		{6712BCD4-0752-4189-9D33-395E093EC722}.Debug|x64.ActiveCfg = Debug|x64
		{6712BCD4-0752-4189-9D33-395E093EC722}.Debug|x64.Build.0 = Debug|x64
		{6712BCD4-0752-4189-9D33-395E093EC722}.Release|Any CPU.ActiveCfg = Release|Any CPU
		{6712BCD4-0752-4189-9D33-395E093EC722}.Release|Any CPU.Build.0 = Release|Any CPU
		{6712BCD4-0752-4189-9D33-395E093EC722}.Release|x64.ActiveCfg = Release|x64
		{6712BCD4-0752-4189-9D33-395E093EC722}.Release|x64.Build.0 = Release|x64
		{A8AA7D55-3787-4571-A63A-34E11FCE46E9}.Debug|Any CPU.ActiveCfg = Debug|Any CPU
		{A8AA7D55-3787-4571-A63A-34E11FCE46E9}.Debug|Any CPU.Build.0 = Debug|Any CPU
		{A8AA7D55-3787-4571-A63A-34E11FCE46E9}.Debug|x64.ActiveCfg = Debug|Any CPU
		{A8AA7D55-3787-4571-A63A-34E11FCE46E9}.Debug|x64.Build.0 = Debug|Any CPU
		{A8AA7D55-3787-4571-A63A-34E11FCE46E9}.Release|Any CPU.ActiveCfg = Release|Any CPU
		{A8AA7D55-3787-4571-A63A-34E11FCE46E9}.Release|Any CPU.Build.0 = Release|Any CPU
		{A8AA7D55-3787-4571-A63A-34E11FCE46E9}.Release|x64.ActiveCfg = Release|Any CPU
		{A8AA7D55-3787-4571-A63A-34E11FCE46E9}.Release|x64.Build.0 = Release|Any CPU
	EndGlobalSection
	GlobalSection(SolutionProperties) = preSolution
		HideSolutionNode = FALSE
	EndGlobalSection
	GlobalSection(ExtensibilityGlobals) = postSolution
		SolutionGuid = {5FD660FF-BA5F-48FE-9C3B-4EB71F011452}
	EndGlobalSection
EndGlobal
